# This is a Gradle generated file for dependency locking.
# Manual edits can break the build and are not advised.
# This file is expected to be part of source control.
# To regenerate this file, run: ./gradlew :dependencies --write-locks
at.yawk.lz4:lz4-java:1.11.1=runtimeClasspath
ch.qos.logback:logback-classic:1.5.38=compileClasspath,runtimeClasspath
ch.qos.logback:logback-core:1.5.38=compileClasspath,runtimeClasspath
com.fasterxml.jackson.core:jackson-core:2.21.5=compileClasspath,runtimeClasspath
com.fasterxml.jackson:jackson-bom:2.21.5=compileClasspath,runtimeClasspath
com.github.luben:zstd-jni:1.5.6-10=runtimeClasspath
com.google.protobuf:protobuf-java:4.32.0=runtimeClasspath
io.micrometer:micrometer-commons:1.16.6=compileClasspath,runtimeClasspath
io.micrometer:micrometer-core:1.16.6=compileClasspath,runtimeClasspath
io.micrometer:micrometer-observation:1.16.6=compileClasspath,runtimeClasspath
io.micrometer:micrometer-registry-datadog:1.16.6=compileClasspath,runtimeClasspath
io.micrometer:micrometer-registry-otlp:1.16.6=compileClasspath,runtimeClasspath
io.micrometer:micrometer-registry-prometheus:1.16.6=compileClasspath,runtimeClasspath
io.micrometer:micrometer-registry-statsd:1.16.6=compileClasspath,runtimeClasspath
io.netty:netty-buffer:4.1.136.Final=compileClasspath,runtimeClasspath
io.netty:netty-codec-dns:4.1.136.Final=compileClasspath,runtimeClasspath
io.netty:netty-codec-http2:4.1.136.Final=compileClasspath,runtimeClasspath
io.netty:netty-codec-http:4.1.136.Final=compileClasspath,runtimeClasspath
io.netty:netty-codec-socks:4.1.136.Final=compileClasspath,runtimeClasspath
io.netty:netty-codec:4.1.136.Final=compileClasspath,runtimeClasspath
io.netty:netty-common:4.1.136.Final=compileClasspath,runtimeClasspath
io.netty:netty-handler-proxy:4.1.136.Final=compileClasspath,runtimeClasspath
io.netty:netty-handler:4.1.136.Final=compileClasspath,runtimeClasspath
io.netty:netty-resolver-dns:4.1.136.Final=compileClasspath,runtimeClasspath
io.netty:netty-resolver:4.1.136.Final=compileClasspath,runtimeClasspath
io.netty:netty-tcnative-classes:2.0.78.Final=compileClasspath,runtimeClasspath
io.netty:netty-transport-native-unix-common:4.1.136.Final=compileClasspath,runtimeClasspath
io.netty:netty-transport:4.1.136.Final=compileClasspath,runtimeClasspath
io.opentelemetry.proto:opentelemetry-proto:1.8.0-alpha=runtimeClasspath
io.prometheus:prometheus-metrics-config:1.4.3=compileClasspath,runtimeClasspath
io.prometheus:prometheus-metrics-core:1.4.3=compileClasspath,runtimeClasspath
io.prometheus:prometheus-metrics-exposition-formats:1.4.3=runtimeClasspath
io.prometheus:prometheus-metrics-exposition-textformats:1.4.3=runtimeClasspath
io.prometheus:prometheus-metrics-model:1.4.3=compileClasspath,runtimeClasspath
io.prometheus:prometheus-metrics-tracer-common:1.4.3=compileClasspath,runtimeClasspath
io.vertx:vertx-auth-common:4.5.30=compileClasspath,runtimeClasspath
io.vertx:vertx-bridge-common:4.5.30=compileClasspath,runtimeClasspath
io.vertx:vertx-core:4.5.30=compileClasspath,runtimeClasspath
io.vertx:vertx-kafka-client:4.5.30=compileClasspath,runtimeClasspath
io.vertx:vertx-stack-depchain:4.5.30=compileClasspath,runtimeClasspath
io.vertx:vertx-web-common:4.5.30=compileClasspath,runtimeClasspath
io.vertx:vertx-web:4.5.30=compileClasspath,runtimeClasspath
org.apache.kafka:kafka-clients:4.2.0=compileClasspath,runtimeClasspath
org.hdrhistogram:HdrHistogram:2.2.2=runtimeClasspath
org.jspecify:jspecify:1.0.0=compileClasspath,runtimeClasspath
org.latencyutils:LatencyUtils:2.0.3=runtimeClasspath
org.slf4j:slf4j-api:2.0.17=compileClasspath,runtimeClasspath
org.xerial.snappy:snappy-java:1.1.10.7=runtimeClasspath
empty=
